
Microsoft Visual Studio Solution File, Format Version 10.00
# Visual C# Express 2008
Project("{FAE04EC0-301F-11D3-BF4B-00C04F79EFBC}") = "Hill_Cipher", "Hill_Cipher\Hill_Cipher.csproj", "{22A2146F-AD54-4D35-8512-2A7141AEB527}"
EndProject
Project("{FAE04EC0-301F-11D3-BF4B-00C04F79EFBC}") = "Hill_Cipher.Test", "Hill_Cipher.Test\Hill_Cipher.Test.csproj", "{AEB52974-BCA3-41E3-B4D8-CD606577DFA2}"
EndProject
Global
	GlobalSection(SolutionConfigurationPlatforms) = preSolution
		Debug|Any CPU = Debug|Any CPU
		Release|Any CPU = Release|Any CPU
	EndGlobalSection
	GlobalSection(ProjectConfigurationPlatforms) = postSolution
		{22A2146F-AD54-4D35-8512-2A7141AEB527}.Debug|Any CPU.ActiveCfg = Debug|Any CPU
		{22A2146F-AD54-4D35-8512-2A7141AEB527}.Debug|Any CPU.Build.0 = Debug|Any CPU
		{22A2146F-AD54-4D35-8512-2A7141AEB527}.Release|Any CPU.ActiveCfg = Release|Any CPU
		{22A2146F-AD54-4D35-8512-2A7141AEB527}.Release|Any CPU.Build.0 = Release|Any CPU
		{AEB52974-BCA3-41E3-B4D8-CD606577DFA2}.Debug|Any CPU.ActiveCfg = Debug|Any CPU
		{AEB52974-BCA3-41E3-B4D8-CD606577DFA2}.Debug|Any CPU.Build.0 = Debug|Any CPU
		{AEB52974-BCA3-41E3-B4D8-CD606577DFA2}.Release|Any CPU.ActiveCfg = Release|Any CPU
		{AEB52974-BCA3-41E3-B4D8-CD606577DFA2}.Release|Any CPU.Build.0 = Release|Any CPU
	EndGlobalSection
	GlobalSection(SolutionProperties) = preSolution
		HideSolutionNode = FALSE
	EndGlobalSection
EndGlobal
